
Microsoft Visual Studio Solution File, Format Version 12.00
# Visual Studio Version 16
VisualStudioVersion = 16.0.810.25
MinimumVisualStudioVersion = 10.0.40219.1
Project("{FAE04EC0-301F-11D3-BF4B-00C04F79EFBC}") = "OldPhonePad", "OldPhonePad\OldPhonePad.csproj", "{89153C0E-D75C-4AAB-8625-A1645F36CF90}"
EndProject
Global
	GlobalSection(SolutionConfigurationPlatforms) = preSolution
		Debug|anycpu = Debug|anycpu
		Release|anycpu = Release|anycpu
	EndGlobalSection
	GlobalSection(ProjectConfigurationPlatforms) = postSolution
		{89153C0E-D75C-4AAB-8625-A1645F36CF90}.Debug|anycpu.ActiveCfg = Debug|anycpu
		{89153C0E-D75C-4AAB-8625-A1645F36CF90}.Debug|anycpu.Build.0 = Debug|anycpu
		{89153C0E-D75C-4AAB-8625-A1645F36CF90}.Release|anycpu.ActiveCfg = Release|anycpu
		{89153C0E-D75C-4AAB-8625-A1645F36CF90}.Release|anycpu.Build.0 = Release|anycpu
	EndGlobalSection
	GlobalSection(SolutionProperties) = preSolution
		HideSolutionNode = FALSE
	EndGlobalSection
	GlobalSection(ExtensibilityGlobals) = postSolution
		SolutionGuid = {5263394E-360D-4387-A626-11788522345B}
	EndGlobalSection
EndGlobal
